
Microsoft Visual Studio Solution File, Format Version 12.00
# Visual Studio Version 17
VisualStudioVersion = 17.13.35825.156 d17.13
MinimumVisualStudioVersion = 10.0.40219.1
Project("{FAE04EC0-301F-11D3-BF4B-00C04F79EFBC}") = "WindowsFormsApp2", "WindowsFormsApp2\WindowsFormsApp2.csproj", "{A041123E-83F4-473C-AF15-6F6A637A79B2}"
EndProject
Global
	GlobalSection(SolutionConfigurationPlatforms) = preSolution
		Debug|Any CPU = Debug|Any CPU
		Release|Any CPU = Release|Any CPU
	EndGlobalSection
	GlobalSection(ProjectConfigurationPlatforms) = postSolution
		{A041123E-83F4-473C-AF15-6F6A637A79B2}.Debug|Any CPU.ActiveCfg = Debug|Any CPU
		{A041123E-83F4-473C-AF15-6F6A637A79B2}.Debug|Any CPU.Build.0 = Debug|Any CPU
		{A041123E-83F4-473C-AF15-6F6A637A79B2}.Release|Any CPU.ActiveCfg = Release|Any CPU
		{A041123E-83F4-473C-AF15-6F6A637A79B2}.Release|Any CPU.Build.0 = Release|Any CPU
	EndGlobalSection
	GlobalSection(SolutionProperties) = preSolution
		HideSolutionNode = FALSE
	EndGlobalSection
	GlobalSection(ExtensibilityGlobals) = postSolution
		SolutionGuid = {87C6B31F-D81B-432E-B9D6-E853DA3ABEC6}
	EndGlobalSection
EndGlobal
